// !$*UTF8*$!
{
	archiveVersion = 1;
	classes = {
	};
	objectVersion = 56;
	objects = {

/* Begin PBXBuildFile section */
		E9E0FB6A2999AE7E003CBA77 /* FollisApp.swift in Sources */ = {isa = PBXBuildFile; fileRef = E9E0FB692999AE7E003CBA77 /* FollisApp.swift */; };
		E9E0FB6C2999AE7E003CBA77 /* ContentView.swift in Sources */ = {isa = PBXBuildFile; fileRef = E9E0FB6B2999AE7E003CBA77 /* ContentView.swift */; };
		E9E0FB6E2999AE7F003CBA77 /* Assets.xcassets in Resources */ = {isa = PBXBuildFile; fileRef = E9E0FB6D2999AE7F003CBA77 /* Assets.xcassets */; };
		E9E0FB722999AE7F003CBA77 /* Preview Assets.xcassets in Resources */ = {isa = PBXBuildFile; fileRef = E9E0FB712999AE7F003CBA77 /* Preview Assets.xcassets */; };
		E9E0FB7C2999AE80003CBA77 /* FollisTests.swift in Sources */ = {isa = PBXBuildFile; fileRef = E9E0FB7B2999AE80003CBA77 /* FollisTests.swift */; };
		E9E0FB862999AE80003CBA77 /* FollisUITests.swift in Sources */ = {isa = PBXBuildFile; fileRef = E9E0FB852999AE80003CBA77 /* FollisUITests.swift */; };
		E9E0FB882999AE80003CBA77 /* FollisUITestsLaunchTests.swift in Sources */ = {isa = PBXBuildFile; fileRef = E9E0FB872999AE80003CBA77 /* FollisUITestsLaunchTests.swift */; };
/* End PBXBuildFile section */

/* Begin PBXContainerItemProxy section */
		E9E0FB782999AE80003CBA77 /* PBXContainerItemProxy */ = {
			isa = PBXContainerItemProxy;
			containerPortal = E9E0FB5E2999AE7E003CBA77 /* Project object */;
			proxyType = 1;
			remoteGlobalIDString = E9E0FB652999AE7E003CBA77;
			remoteInfo = Follis;
		};
		E9E0FB822999AE80003CBA77 /* PBXContainerItemProxy */ = {
			isa = PBXContainerItemProxy;
			containerPortal = E9E0FB5E2999AE7E003CBA77 /* Project object */;
			proxyType = 1;
			remoteGlobalIDString = E9E0FB652999AE7E003CBA77;
			remoteInfo = Follis;
		};
/* End PBXContainerItemProxy section */

/* Begin PBXFileReference section */
		E9E0FB662999AE7E003CBA77 /* Follis.app */ = {isa = PBXFileReference; explicitFileType = wrapper.application; includeInIndex = 0; path = Follis.app; sourceTree = BUILT_PRODUCTS_DIR; };
		E9E0FB692999AE7E003CBA77 /* FollisApp.swift */ = {isa = PBXFileReference; lastKnownFileType = sourcecode.swift; path = FollisApp.swift; sourceTree = "<group>"; };
		E9E0FB6B2999AE7E003CBA77 /* ContentView.swift */ = {isa = PBXFileReference; lastKnownFileType = sourcecode.swift; path = ContentView.swift; sourceTree = "<group>"; };
		E9E0FB6D2999AE7F003CBA77 /* Assets.xcassets */ = {isa = PBXFileReference; lastKnownFileType = folder.assetcatalog; path = Assets.xcassets; sourceTree = "<group>"; };
		E9E0FB6F2999AE7F003CBA77 /* Follis.entitlements */ = {isa = PBXFileReference; lastKnownFileType = text.plist.entitlements; path = Follis.entitlements; sourceTree = "<group>"; };
		E9E0FB712999AE7F003CBA77 /* Preview Assets.xcassets */ = {isa = PBXFileReference; lastKnownFileType = folder.assetcatalog; path = "Preview Assets.xcassets"; sourceTree = "<group>"; };
		E9E0FB772999AE80003CBA77 /* FollisTests.xctest */ = {isa = PBXFileReference; explicitFileType = wrapper.cfbundle; includeInIndex = 0; path = FollisTests.xctest; sourceTree = BUILT_PRODUCTS_DIR; };
		E9E0FB7B2999AE80003CBA77 /* FollisTests.swift */ = {isa = PBXFileReference; lastKnownFileType = sourcecode.swift; path = FollisTests.swift; sourceTree = "<group>"; };
		E9E0FB812999AE80003CBA77 /* FollisUITests.xctest */ = {isa = PBXFileReference; explicitFileType = wrapper.cfbundle; includeInIndex = 0; path = FollisUITests.xctest; sourceTree = BUILT_PRODUCTS_DIR; };
		E9E0FB852999AE80003CBA77 /* FollisUITests.swift */ = {isa = PBXFileReference; lastKnownFileType = sourcecode.swift; path = FollisUITests.swift; sourceTree = "<group>"; };
		E9E0FB872999AE80003CBA77 /* FollisUITestsLaunchTests.swift */ = {isa = PBXFileReference; lastKnownFileType = sourcecode.swift; path = FollisUITestsLaunchTests.swift; sourceTree = "<group>"; };
/* End PBXFileReference section */

/* Begin PBXFrameworksBuildPhase section */
		E9E0FB632999AE7E003CBA77 /* Frameworks */ = {
			isa = PBXFrameworksBuildPhase;
			buildActionMask = 2147483647;
			files = (
			);
			runOnlyForDeploymentPostprocessing = 0;
		};
		E9E0FB742999AE80003CBA77 /* Frameworks */ = {
			isa = PBXFrameworksBuildPhase;
			buildActionMask = 2147483647;
			files = (
			);
			runOnlyForDeploymentPostprocessing = 0;
		};
		E9E0FB7E2999AE80003CBA77 /* Frameworks */ = {
			isa = PBXFrameworksBuildPhase;
			buildActionMask = 2147483647;
			files = (
			);
			runOnlyForDeploymentPostprocessing = 0;
		};
/* End PBXFrameworksBuildPhase section */

/* Begin PBXGroup section */
		E9E0FB5D2999AE7E003CBA77 = {
			isa = PBXGroup;
			children = (
				E9E0FB682999AE7E003CBA77 /* Follis */,
				E9E0FB7A2999AE80003CBA77 /* FollisTests */,
				E9E0FB842999AE80003CBA77 /* FollisUITests */,
				E9E0FB672999AE7E003CBA77 /* Products */,
			);
			sourceTree = "<group>";
		};
		E9E0FB672999AE7E003CBA77 /* Products */ = {
			isa = PBXGroup;
			children = (
				E9E0FB662999AE7E003CBA77 /* Follis.app */,
				E9E0FB772999AE80003CBA77 /* FollisTests.xctest */,
				E9E0FB812999AE80003CBA77 /* FollisUITests.xctest */,
			);
			name = Products;
			sourceTree = "<group>";
		};
		E9E0FB682999AE7E003CBA77 /* Follis */ = {
			isa = PBXGroup;
			children = (
				E9E0FB692999AE7E003CBA77 /* FollisApp.swift */,
				E9E0FB6B2999AE7E003CBA77 /* ContentView.swift */,
				E9E0FB6D2999AE7F003CBA77 /* Assets.xcassets */,
				E9E0FB6F2999AE7F003CBA77 /* Follis.entitlements */,
				E9E0FB702999AE7F003CBA77 /* Preview Content */,
			);
			path = Follis;
			sourceTree = "<group>";
		};
		E9E0FB702999AE7F003CBA77 /* Preview Content */ = {
			isa = PBXGroup;
			children = (
				E9E0FB712999AE7F003CBA77 /* Preview Assets.xcassets */,
			);
			path = "Preview Content";
			sourceTree = "<group>";
		};
		E9E0FB7A2999AE80003CBA77 /* FollisTests */ = {
			isa = PBXGroup;
			children = (
				E9E0FB7B2999AE80003CBA77 /* FollisTests.swift */,
			);
			path = FollisTests;
			sourceTree = "<group>";
		};
		E9E0FB842999AE80003CBA77 /* FollisUITests */ = {
			isa = PBXGroup;
			children = (
				E9E0FB852999AE80003CBA77 /* FollisUITests.swift */,
				E9E0FB872999AE80003CBA77 /* FollisUITestsLaunchTests.swift */,
			);
			path = FollisUITests;
			sourceTree = "<group>";
		};
/* End PBXGroup section */

/* Begin PBXNativeTarget section */
		E9E0FB652999AE7E003CBA77 /* Follis */ = {
			isa = PBXNativeTarget;
			buildConfigurationList = E9E0FB8B2999AE80003CBA77 /* Build configuration list for PBXNativeTarget "Follis" */;
			buildPhases = (
				E9E0FB622999AE7E003CBA77 /* Sources */,
				E9E0FB632999AE7E003CBA77 /* Frameworks */,
				E9E0FB642999AE7E003CBA77 /* Resources */,
			);
			buildRules = (
			);
			dependencies = (
			);
			name = Follis;
			productName = Follis;
			productReference = E9E0FB662999AE7E003CBA77 /* Follis.app */;
			productType = "com.apple.product-type.application";
		};
		E9E0FB762999AE80003CBA77 /* FollisTests */ = {
			isa = PBXNativeTarget;
			buildConfigurationList = E9E0FB8E2999AE80003CBA77 /* Build configuration list for PBXNativeTarget "FollisTests" */;
			buildPhases = (
				E9E0FB732999AE80003CBA77 /* Sources */,
				E9E0FB742999AE80003CBA77 /* Frameworks */,
				E9E0FB752999AE80003CBA77 /* Resources */,
			);
			buildRules = (
			);
			dependencies = (
				E9E0FB792999AE80003CBA77 /* PBXTargetDependency */,
			);
			name = FollisTests;
			productName = FollisTests;
			productReference = E9E0FB772999AE80003CBA77 /* FollisTests.xctest */;
			productType = "com.apple.product-type.bundle.unit-test";
		};
		E9E0FB802999AE80003CBA77 /* FollisUITests */ = {
			isa = PBXNativeTarget;
			buildConfigurationList = E9E0FB912999AE80003CBA77 /* Build configuration list for PBXNativeTarget "FollisUITests" */;
			buildPhases = (
				E9E0FB7D2999AE80003CBA77 /* Sources */,
				E9E0FB7E2999AE80003CBA77 /* Frameworks */,
				E9E0FB7F2999AE80003CBA77 /* Resources */,
			);
			buildRules = (
			);
			dependencies = (
				E9E0FB832999AE80003CBA77 /* PBXTargetDependency */,
			);
			name = FollisUITests;
			productName = FollisUITests;
			productReference = E9E0FB812999AE80003CBA77 /* FollisUITests.xctest */;
			productType = "com.apple.product-type.bundle.ui-testing";
		};
/* End PBXNativeTarget section */

/* Begin PBXProject section */
		E9E0FB5E2999AE7E003CBA77 /* Project object */ = {
			isa = PBXProject;
			attributes = {
				BuildIndependentTargetsInParallel = 1;
				LastSwiftUpdateCheck = 1420;
				LastUpgradeCheck = 1420;
				TargetAttributes = {
					E9E0FB652999AE7E003CBA77 = {
						CreatedOnToolsVersion = 14.2;
					};
					E9E0FB762999AE80003CBA77 = {
						CreatedOnToolsVersion = 14.2;
						TestTargetID = E9E0FB652999AE7E003CBA77;
					};
					E9E0FB802999AE80003CBA77 = {
						CreatedOnToolsVersion = 14.2;
						TestTargetID = E9E0FB652999AE7E003CBA77;
					};
				};
			};
			buildConfigurationList = E9E0FB612999AE7E003CBA77 /* Build configuration list for PBXProject "Follis" */;
			compatibilityVersion = "Xcode 14.0";
			developmentRegion = en;
			hasScannedForEncodings = 0;
			knownRegions = (
				en,
				Base,
			);
			mainGroup = E9E0FB5D2999AE7E003CBA77;
			productRefGroup = E9E0FB672999AE7E003CBA77 /* Products */;
			projectDirPath = "";
			projectRoot = "";
			targets = (
				E9E0FB652999AE7E003CBA77 /* Follis */,
				E9E0FB762999AE80003CBA77 /* FollisTests */,
				E9E0FB802999AE80003CBA77 /* FollisUITests */,
			);
		};
/* End PBXProject section */

/* Begin PBXResourcesBuildPhase section */
		E9E0FB642999AE7E003CBA77 /* Resources */ = {
			isa = PBXResourcesBuildPhase;
			buildActionMask = 2147483647;
			files = (
				E9E0FB722999AE7F003CBA77 /* Preview Assets.xcassets in Resources */,
				E9E0FB6E2999AE7F003CBA77 /* Assets.xcassets in Resources */,
			);
			runOnlyForDeploymentPostprocessing = 0;
		};
		E9E0FB752999AE80003CBA77 /* Resources */ = {
			isa = PBXResourcesBuildPhase;
			buildActionMask = 2147483647;
			files = (
			);
			runOnlyForDeploymentPostprocessing = 0;
		};
		E9E0FB7F2999AE80003CBA77 /* Resources */ = {
			isa = PBXResourcesBuildPhase;
			buildActionMask = 2147483647;
			files = (
			);
			runOnlyForDeploymentPostprocessing = 0;
		};
/* End PBXResourcesBuildPhase section */

/* Begin PBXSourcesBuildPhase section */
		E9E0FB622999AE7E003CBA77 /* Sources */ = {
			isa = PBXSourcesBuildPhase;
			buildActionMask = 2147483647;
			files = (
				E9E0FB6C2999AE7E003CBA77 /* ContentView.swift in Sources */,
				E9E0FB6A2999AE7E003CBA77 /* FollisApp.swift in Sources */,
			);
			runOnlyForDeploymentPostprocessing = 0;
		};
		E9E0FB732999AE80003CBA77 /* Sources */ = {
			isa = PBXSourcesBuildPhase;
			buildActionMask = 2147483647;
			files = (
				E9E0FB7C2999AE80003CBA77 /* FollisTests.swift in Sources */,
			);
			runOnlyForDeploymentPostprocessing = 0;
		};
		E9E0FB7D2999AE80003CBA77 /* Sources */ = {
			isa = PBXSourcesBuildPhase;
			buildActionMask = 2147483647;
			files = (
				E9E0FB862999AE80003CBA77 /* FollisUITests.swift in Sources */,
				E9E0FB882999AE80003CBA77 /* FollisUITestsLaunchTests.swift in Sources */,
			);
			runOnlyForDeploymentPostprocessing = 0;
		};
/* End PBXSourcesBuildPhase section */

/* Begin PBXTargetDependency section */
		E9E0FB792999AE80003CBA77 /* PBXTargetDependency */ = {
			isa = PBXTargetDependency;
			target = E9E0FB652999AE7E003CBA77 /* Follis */;
			targetProxy = E9E0FB782999AE80003CBA77 /* PBXContainerItemProxy */;
		};
		E9E0FB832999AE80003CBA77 /* PBXTargetDependency */ = {
			isa = PBXTargetDependency;
			target = E9E0FB652999AE7E003CBA77 /* Follis */;
			targetProxy = E9E0FB822999AE80003CBA77 /* PBXContainerItemProxy */;
		};
/* End PBXTargetDependency section */

/* Begin XCBuildConfiguration section */
		E9E0FB892999AE80003CBA77 /* Debug */ = {
			isa = XCBuildConfiguration;
			buildSettings = {
				ALWAYS_SEARCH_USER_PATHS = NO;
				CLANG_ANALYZER_NONNULL = YES;
				CLANG_ANALYZER_NUMBER_OBJECT_CONVERSION = YES_AGGRESSIVE;
				CLANG_CXX_LANGUAGE_STANDARD = "gnu++20";
				CLANG_ENABLE_MODULES = YES;
				CLANG_ENABLE_OBJC_ARC = YES;
				CLANG_ENABLE_OBJC_WEAK = YES;
				CLANG_WARN_BLOCK_CAPTURE_AUTORELEASING = YES;
				CLANG_WARN_BOOL_CONVERSION = YES;
				CLANG_WARN_COMMA = YES;
				CLANG_WARN_CONSTANT_CONVERSION = YES;
				CLANG_WARN_DEPRECATED_OBJC_IMPLEMENTATIONS = YES;
				CLANG_WARN_DIRECT_OBJC_ISA_USAGE = YES_ERROR;
				CLANG_WARN_DOCUMENTATION_COMMENTS = YES;
				CLANG_WARN_EMPTY_BODY = YES;
				CLANG_WARN_ENUM_CONVERSION = YES;
				CLANG_WARN_INFINITE_RECURSION = YES;
				CLANG_WARN_INT_CONVERSION = YES;
				CLANG_WARN_NON_LITERAL_NULL_CONVERSION = YES;
				CLANG_WARN_OBJC_IMPLICIT_RETAIN_SELF = YES;
				CLANG_WARN_OBJC_LITERAL_CONVERSION = YES;
				CLANG_WARN_OBJC_ROOT_CLASS = YES_ERROR;
				CLANG_WARN_QUOTED_INCLUDE_IN_FRAMEWORK_HEADER = YES;
				CLANG_WARN_RANGE_LOOP_ANALYSIS = YES;
				CLANG_WARN_STRICT_PROTOTYPES = YES;
				CLANG_WARN_SUSPICIOUS_MOVE = YES;
				CLANG_WARN_UNGUARDED_AVAILABILITY = YES_AGGRESSIVE;
				CLANG_WARN_UNREACHABLE_CODE = YES;
				CLANG_WARN__DUPLICATE_METHOD_MATCH = YES;
				COPY_PHASE_STRIP = NO;
				DEBUG_INFORMATION_FORMAT = dwarf;
				ENABLE_STRICT_OBJC_MSGSEND = YES;
				ENABLE_TESTABILITY = YES;
				GCC_C_LANGUAGE_STANDARD = gnu11;
				GCC_DYNAMIC_NO_PIC = NO;
				GCC_NO_COMMON_BLOCKS = YES;
				GCC_OPTIMIZATION_LEVEL = 0;
				GCC_PREPROCESSOR_DEFINITIONS = (
					"DEBUG=1",
					"$(inherited)",
				);
				GCC_WARN_64_TO_32_BIT_CONVERSION = YES;
				GCC_WARN_ABOUT_RETURN_TYPE = YES_ERROR;
				GCC_WARN_UNDECLARED_SELECTOR = YES;
				GCC_WARN_UNINITIALIZED_AUTOS = YES_AGGRESSIVE;
				GCC_WARN_UNUSED_FUNCTION = YES;
				GCC_WARN_UNUSED_VARIABLE = YES;
				MTL_ENABLE_DEBUG_INFO = INCLUDE_SOURCE;
				MTL_FAST_MATH = YES;
				ONLY_ACTIVE_ARCH = YES;
				SWIFT_ACTIVE_COMPILATION_CONDITIONS = DEBUG;
				SWIFT_OPTIMIZATION_LEVEL = "-Onone";
			};
			name = Debug;
		};
		E9E0FB8A2999AE80003CBA77 /* Release */ = {
			isa = XCBuildConfiguration;
			buildSettings = {
				ALWAYS_SEARCH_USER_PATHS = NO;
				CLANG_ANALYZER_NONNULL = YES;
				CLANG_ANALYZER_NUMBER_OBJECT_CONVERSION = YES_AGGRESSIVE;
				CLANG_CXX_LANGUAGE_STANDARD = "gnu++20";
				CLANG_ENABLE_MODULES = YES;
				CLANG_ENABLE_OBJC_ARC = YES;
				CLANG_ENABLE_OBJC_WEAK = YES;
				CLANG_WARN_BLOCK_CAPTURE_AUTORELEASING = YES;
				CLANG_WARN_BOOL_CONVERSION = YES;
				CLANG_WARN_COMMA = YES;
				CLANG_WARN_CONSTANT_CONVERSION = YES;
				CLANG_WARN_DEPRECATED_OBJC_IMPLEMENTATIONS = YES;
				CLANG_WARN_DIRECT_OBJC_ISA_USAGE = YES_ERROR;
				CLANG_WARN_DOCUMENTATION_COMMENTS = YES;
				CLANG_WARN_EMPTY_BODY = YES;
				CLANG_WARN_ENUM_CONVERSION = YES;
				CLANG_WARN_INFINITE_RECURSION = YES;
				CLANG_WARN_INT_CONVERSION = YES;
				CLANG_WARN_NON_LITERAL_NULL_CONVERSION = YES;
				CLANG_WARN_OBJC_IMPLICIT_RETAIN_SELF = YES;
				CLANG_WARN_OBJC_LITERAL_CONVERSION = YES;
				CLANG_WARN_OBJC_ROOT_CLASS = YES_ERROR;
				CLANG_WARN_QUOTED_INCLUDE_IN_FRAMEWORK_HEADER = YES;
				CLANG_WARN_RANGE_LOOP_ANALYSIS = YES;
				CLANG_WARN_STRICT_PROTOTYPES = YES;
				CLANG_WARN_SUSPICIOUS_MOVE = YES;
				CLANG_WARN_UNGUARDED_AVAILABILITY = YES_AGGRESSIVE;
				CLANG_WARN_UNREACHABLE_CODE = YES;
				CLANG_WARN__DUPLICATE_METHOD_MATCH = YES;
				COPY_PHASE_STRIP = NO;
				DEBUG_INFORMATION_FORMAT = "dwarf-with-dsym";
				ENABLE_NS_ASSERTIONS = NO;
				ENABLE_STRICT_OBJC_MSGSEND = YES;
				GCC_C_LANGUAGE_STANDARD = gnu11;
				GCC_NO_COMMON_BLOCKS = YES;
				GCC_WARN_64_TO_32_BIT_CONVERSION = YES;
				GCC_WARN_ABOUT_RETURN_TYPE = YES_ERROR;
				GCC_WARN_UNDECLARED_SELECTOR = YES;
				GCC_WARN_UNINITIALIZED_AUTOS = YES_AGGRESSIVE;
				GCC_WARN_UNUSED_FUNCTION = YES;
				GCC_WARN_UNUSED_VARIABLE = YES;
				MTL_ENABLE_DEBUG_INFO = NO;
				MTL_FAST_MATH = YES;
				SWIFT_COMPILATION_MODE = wholemodule;
				SWIFT_OPTIMIZATION_LEVEL = "-O";
			};
			name = Release;
		};
		E9E0FB8C2999AE80003CBA77 /* Debug */ = {
			isa = XCBuildConfiguration;
			buildSettings = {
				ASSETCATALOG_COMPILER_APPICON_NAME = AppIcon;
				ASSETCATALOG_COMPILER_GLOBAL_ACCENT_COLOR_NAME = AccentColor;
				CODE_SIGN_ENTITLEMENTS = Follis/Follis.entitlements;
				CODE_SIGN_STYLE = Automatic;
				CURRENT_PROJECT_VERSION = 1;
				DEVELOPMENT_ASSET_PATHS = "\"Follis/Preview Content\"";
				DEVELOPMENT_TEAM = U28DY7SUR7;
				ENABLE_HARDENED_RUNTIME = YES;
				ENABLE_PREVIEWS = YES;
				GENERATE_INFOPLIST_FILE = YES;
				"INFOPLIST_KEY_UIApplicationSceneManifest_Generation[sdk=iphoneos*]" = YES;
				"INFOPLIST_KEY_UIApplicationSceneManifest_Generation[sdk=iphonesimulator*]" = YES;
				"INFOPLIST_KEY_UIApplicationSupportsIndirectInputEvents[sdk=iphoneos*]" = YES;
				"INFOPLIST_KEY_UIApplicationSupportsIndirectInputEvents[sdk=iphonesimulator*]" = YES;
				"INFOPLIST_KEY_UILaunchScreen_Generation[sdk=iphoneos*]" = YES;
				"INFOPLIST_KEY_UILaunchScreen_Generation[sdk=iphonesimulator*]" = YES;
				"INFOPLIST_KEY_UIStatusBarStyle[sdk=iphoneos*]" = UIStatusBarStyleDefault;
				"INFOPLIST_KEY_UIStatusBarStyle[sdk=iphonesimulator*]" = UIStatusBarStyleDefault;
				INFOPLIST_KEY_UISupportedInterfaceOrientations_iPad = "UIInterfaceOrientationPortrait UIInterfaceOrientationPortraitUpsideDown UIInterfaceOrientationLandscapeLeft UIInterfaceOrientationLandscapeRight";
				INFOPLIST_KEY_UISupportedInterfaceOrientations_iPhone = "UIInterfaceOrientationPortrait UIInterfaceOrientationLandscapeLeft UIInterfaceOrientationLandscapeRight";
				IPHONEOS_DEPLOYMENT_TARGET = 16.2;
				LD_RUNPATH_SEARCH_PATHS = "@executable_path/Frameworks";
				"LD_RUNPATH_SEARCH_PATHS[sdk=macosx*]" = "@executable_path/../Frameworks";
				MACOSX_DEPLOYMENT_TARGET = 12.5;
				MARKETING_VERSION = 1.0;
				PRODUCT_BUNDLE_IDENTIFIER = MealX.Follis;
				PRODUCT_NAME = "$(TARGET_NAME)";
				SDKROOT = auto;
				SUPPORTED_PLATFORMS = "iphoneos iphonesimulator macosx";
				SWIFT_EMIT_LOC_STRINGS = YES;
				SWIFT_VERSION = 5.0;
				TARGETED_DEVICE_FAMILY = "1,2";
			};
			name = Debug;
		};
		E9E0FB8D2999AE80003CBA77 /* Release */ = {
			isa = XCBuildConfiguration;
			buildSettings = {
				ASSETCATALOG_COMPILER_APPICON_NAME = AppIcon;
				ASSETCATALOG_COMPILER_GLOBAL_ACCENT_COLOR_NAME = AccentColor;
				CODE_SIGN_ENTITLEMENTS = Follis/Follis.entitlements;
				CODE_SIGN_STYLE = Automatic;
				CURRENT_PROJECT_VERSION = 1;
				DEVELOPMENT_ASSET_PATHS = "\"Follis/Preview Content\"";
				DEVELOPMENT_TEAM = U28DY7SUR7;
				ENABLE_HARDENED_RUNTIME = YES;
				ENABLE_PREVIEWS = YES;
				GENERATE_INFOPLIST_FILE = YES;
				"INFOPLIST_KEY_UIApplicationSceneManifest_Generation[sdk=iphoneos*]" = YES;
				"INFOPLIST_KEY_UIApplicationSceneManifest_Generation[sdk=iphonesimulator*]" = YES;
				"INFOPLIST_KEY_UIApplicationSupportsIndirectInputEvents[sdk=iphoneos*]" = YES;
				"INFOPLIST_KEY_UIApplicationSupportsIndirectInputEvents[sdk=iphonesimulator*]" = YES;
				"INFOPLIST_KEY_UILaunchScreen_Generation[sdk=iphoneos*]" = YES;
				"INFOPLIST_KEY_UILaunchScreen_Generation[sdk=iphonesimulator*]" = YES;
				"INFOPLIST_KEY_UIStatusBarStyle[sdk=iphoneos*]" = UIStatusBarStyleDefault;
				"INFOPLIST_KEY_UIStatusBarStyle[sdk=iphonesimulator*]" = UIStatusBarStyleDefault;
				INFOPLIST_KEY_UISupportedInterfaceOrientations_iPad = "UIInterfaceOrientationPortrait UIInterfaceOrientationPortraitUpsideDown UIInterfaceOrientationLandscapeLeft UIInterfaceOrientationLandscapeRight";
				INFOPLIST_KEY_UISupportedInterfaceOrientations_iPhone = "UIInterfaceOrientationPortrait UIInterfaceOrientationLandscapeLeft UIInterfaceOrientationLandscapeRight";
				IPHONEOS_DEPLOYMENT_TARGET = 16.2;
				LD_RUNPATH_SEARCH_PATHS = "@executable_path/Frameworks";
				"LD_RUNPATH_SEARCH_PATHS[sdk=macosx*]" = "@executable_path/../Frameworks";
				MACOSX_DEPLOYMENT_TARGET = 12.5;
				MARKETING_VERSION = 1.0;
				PRODUCT_BUNDLE_IDENTIFIER = MealX.Follis;
				PRODUCT_NAME = "$(TARGET_NAME)";
				SDKROOT = auto;
				SUPPORTED_PLATFORMS = "iphoneos iphonesimulator macosx";
				SWIFT_EMIT_LOC_STRINGS = YES;
				SWIFT_VERSION = 5.0;
				TARGETED_DEVICE_FAMILY = "1,2";
			};
			name = Release;
		};
		E9E0FB8F2999AE80003CBA77 /* Debug */ = {
			isa = XCBuildConfiguration;
			buildSettings = {
				ALWAYS_EMBED_SWIFT_STANDARD_LIBRARIES = YES;
				BUNDLE_LOADER = "$(TEST_HOST)";
				CODE_SIGN_STYLE = Automatic;
				CURRENT_PROJECT_VERSION = 1;
				DEVELOPMENT_TEAM = U28DY7SUR7;
				GENERATE_INFOPLIST_FILE = YES;
				IPHONEOS_DEPLOYMENT_TARGET = 16.2;
				MACOSX_DEPLOYMENT_TARGET = 12.5;
				MARKETING_VERSION = 1.0;
				PRODUCT_BUNDLE_IDENTIFIER = MealX.FollisTests;
				PRODUCT_NAME = "$(TARGET_NAME)";
				SDKROOT = auto;
				SUPPORTED_PLATFORMS = "iphoneos iphonesimulator macosx";
				SWIFT_EMIT_LOC_STRINGS = NO;
				SWIFT_VERSION = 5.0;
				TARGETED_DEVICE_FAMILY = "1,2";
				TEST_HOST = "$(BUILT_PRODUCTS_DIR)/Follis.app/$(BUNDLE_EXECUTABLE_FOLDER_PATH)/Follis";
			};
			name = Debug;
		};
		E9E0FB902999AE80003CBA77 /* Release */ = {
			isa = XCBuildConfiguration;
			buildSettings = {
				ALWAYS_EMBED_SWIFT_STANDARD_LIBRARIES = YES;
				BUNDLE_LOADER = "$(TEST_HOST)";
				CODE_SIGN_STYLE = Automatic;
				CURRENT_PROJECT_VERSION = 1;
				DEVELOPMENT_TEAM = U28DY7SUR7;
				GENERATE_INFOPLIST_FILE = YES;
				IPHONEOS_DEPLOYMENT_TARGET = 16.2;
				MACOSX_DEPLOYMENT_TARGET = 12.5;
				MARKETING_VERSION = 1.0;
				PRODUCT_BUNDLE_IDENTIFIER = MealX.FollisTests;
				PRODUCT_NAME = "$(TARGET_NAME)";
				SDKROOT = auto;
				SUPPORTED_PLATFORMS = "iphoneos iphonesimulator macosx";
				SWIFT_EMIT_LOC_STRINGS = NO;
				SWIFT_VERSION = 5.0;
				TARGETED_DEVICE_FAMILY = "1,2";
				TEST_HOST = "$(BUILT_PRODUCTS_DIR)/Follis.app/$(BUNDLE_EXECUTABLE_FOLDER_PATH)/Follis";
			};
			name = Release;
		};
		E9E0FB922999AE80003CBA77 /* Debug */ = {
			isa = XCBuildConfiguration;
			buildSettings = {
				ALWAYS_EMBED_SWIFT_STANDARD_LIBRARIES = YES;
				CODE_SIGN_STYLE = Automatic;
				CURRENT_PROJECT_VERSION = 1;
				DEVELOPMENT_TEAM = U28DY7SUR7;
				GENERATE_INFOPLIST_FILE = YES;
				IPHONEOS_DEPLOYMENT_TARGET = 16.2;
				MACOSX_DEPLOYMENT_TARGET = 12.5;
				MARKETING_VERSION = 1.0;
				PRODUCT_BUNDLE_IDENTIFIER = MealX.FollisUITests;
				PRODUCT_NAME = "$(TARGET_NAME)";
				SDKROOT = auto;
				SUPPORTED_PLATFORMS = "iphoneos iphonesimulator macosx";
				SWIFT_EMIT_LOC_STRINGS = NO;
				SWIFT_VERSION = 5.0;
				TARGETED_DEVICE_FAMILY = "1,2";
				TEST_TARGET_NAME = Follis;
			};
			name = Debug;
		};
		E9E0FB932999AE80003CBA77 /* Release */ = {
			isa = XCBuildConfiguration;
			buildSettings = {
				ALWAYS_EMBED_SWIFT_STANDARD_LIBRARIES = YES;
				CODE_SIGN_STYLE = Automatic;
				CURRENT_PROJECT_VERSION = 1;
				DEVELOPMENT_TEAM = U28DY7SUR7;
				GENERATE_INFOPLIST_FILE = YES;
				IPHONEOS_DEPLOYMENT_TARGET = 16.2;
				MACOSX_DEPLOYMENT_TARGET = 12.5;
				MARKETING_VERSION = 1.0;
				PRODUCT_BUNDLE_IDENTIFIER = MealX.FollisUITests;
				PRODUCT_NAME = "$(TARGET_NAME)";
				SDKROOT = auto;
				SUPPORTED_PLATFORMS = "iphoneos iphonesimulator macosx";
				SWIFT_EMIT_LOC_STRINGS = NO;
				SWIFT_VERSION = 5.0;
				TARGETED_DEVICE_FAMILY = "1,2";
				TEST_TARGET_NAME = Follis;
			};
			name = Release;
		};
/* End XCBuildConfiguration section */

/* Begin XCConfigurationList section */
		E9E0FB612999AE7E003CBA77 /* Build configuration list for PBXProject "Follis" */ = {
			isa = XCConfigurationList;
			buildConfigurations = (
				E9E0FB892999AE80003CBA77 /* Debug */,
				E9E0FB8A2999AE80003CBA77 /* Release */,
			);
			defaultConfigurationIsVisible = 0;
			defaultConfigurationName = Release;
		};
		E9E0FB8B2999AE80003CBA77 /* Build configuration list for PBXNativeTarget "Follis" */ = {
			isa = XCConfigurationList;
			buildConfigurations = (
				E9E0FB8C2999AE80003CBA77 /* Debug */,
				E9E0FB8D2999AE80003CBA77 /* Release */,
			);
			defaultConfigurationIsVisible = 0;
			defaultConfigurationName = Release;
		};
		E9E0FB8E2999AE80003CBA77 /* Build configuration list for PBXNativeTarget "FollisTests" */ = {
			isa = XCConfigurationList;
			buildConfigurations = (
				E9E0FB8F2999AE80003CBA77 /* Debug */,
				E9E0FB902999AE80003CBA77 /* Release */,
			);
			defaultConfigurationIsVisible = 0;
			defaultConfigurationName = Release;
		};
		E9E0FB912999AE80003CBA77 /* Build configuration list for PBXNativeTarget "FollisUITests" */ = {
			isa = XCConfigurationList;
			buildConfigurations = (
				E9E0FB922999AE80003CBA77 /* Debug */,
				E9E0FB932999AE80003CBA77 /* Release */,
			);
			defaultConfigurationIsVisible = 0;
			defaultConfigurationName = Release;
		};
/* End XCConfigurationList section */
	};
	rootObject = E9E0FB5E2999AE7E003CBA77 /* Project object */;
}
